// !$*UTF8*$!
{
	archiveVersion = 1;
	classes = {
	};
	objectVersion = 56;
	objects = {

/* Begin PBXBuildFile section */
		220544E62C5B7C62002A52A5 /* LabelExample.swift in Sources */ = {isa = PBXBuildFile; fileRef = 220544E52C5B7C62002A52A5 /* LabelExample.swift */; };
		220544E82C5B7ED6002A52A5 /* ButtonExample.swift in Sources */ = {isa = PBXBuildFile; fileRef = 220544E72C5B7ED6002A52A5 /* ButtonExample.swift */; };
		223F33D22C6B4E3D00EF4BE4 /* IMCResult.swift in Sources */ = {isa = PBXBuildFile; fileRef = 223F33D12C6B4E3D00EF4BE4 /* IMCResult.swift */; };
		224F33EA2C7321D300AC9F76 /* SuperHeroSearcher.swift in Sources */ = {isa = PBXBuildFile; fileRef = 224F33E92C7321D300AC9F76 /* SuperHeroSearcher.swift */; };
		224F33EC2C747E6A00AC9F76 /* ApiNetwork.swift in Sources */ = {isa = PBXBuildFile; fileRef = 224F33EB2C747E6A00AC9F76 /* ApiNetwork.swift */; };
		2259A2C92C60A31B0075F5E3 /* TextfieldExample.swift in Sources */ = {isa = PBXBuildFile; fileRef = 2259A2C82C60A31B0075F5E3 /* TextfieldExample.swift */; };
		2259A2CB2C60A8060075F5E3 /* MenuView.swift in Sources */ = {isa = PBXBuildFile; fileRef = 2259A2CA2C60A8060075F5E3 /* MenuView.swift */; };
		2259A2CE2C60AAC60075F5E3 /* ImcView.swift in Sources */ = {isa = PBXBuildFile; fileRef = 2259A2CD2C60AAC60075F5E3 /* ImcView.swift */; };
		2266C74F2C5776640079B228 /* AppIMSApp.swift in Sources */ = {isa = PBXBuildFile; fileRef = 2266C74E2C5776640079B228 /* AppIMSApp.swift */; };
		2266C7512C5776640079B228 /* Exercise1.swift in Sources */ = {isa = PBXBuildFile; fileRef = 2266C7502C5776640079B228 /* Exercise1.swift */; };
		2266C7532C5776680079B228 /* Assets.xcassets in Resources */ = {isa = PBXBuildFile; fileRef = 2266C7522C5776680079B228 /* Assets.xcassets */; };
		2266C7562C5776680079B228 /* Preview Assets.xcassets in Resources */ = {isa = PBXBuildFile; fileRef = 2266C7552C5776680079B228 /* Preview Assets.xcassets */; };
		2266C75E2C58D5700079B228 /* MainView.swift in Sources */ = {isa = PBXBuildFile; fileRef = 2266C75D2C58D56F0079B228 /* MainView.swift */; };
		2266C7612C58D6C40079B228 /* TextExample.swift in Sources */ = {isa = PBXBuildFile; fileRef = 2266C7602C58D6C40079B228 /* TextExample.swift */; };
		2266C7632C58D8190079B228 /* ImageExample.swift in Sources */ = {isa = PBXBuildFile; fileRef = 2266C7622C58D8190079B228 /* ImageExample.swift */; };
		22DDAC8C2C806C2200D6C663 /* SDWebImageSwiftUI in Frameworks */ = {isa = PBXBuildFile; productRef = 22DDAC8B2C806C2200D6C663 /* SDWebImageSwiftUI */; };
		22EBA3222C6DF1FF00361356 /* listExample.swift in Sources */ = {isa = PBXBuildFile; fileRef = 22EBA3212C6DF1FF00361356 /* listExample.swift */; };
/* End PBXBuildFile section */

/* Begin PBXFileReference section */
		220544E52C5B7C62002A52A5 /* LabelExample.swift */ = {isa = PBXFileReference; lastKnownFileType = sourcecode.swift; path = LabelExample.swift; sourceTree = "<group>"; };
		220544E72C5B7ED6002A52A5 /* ButtonExample.swift */ = {isa = PBXFileReference; lastKnownFileType = sourcecode.swift; path = ButtonExample.swift; sourceTree = "<group>"; };
		223F33D12C6B4E3D00EF4BE4 /* IMCResult.swift */ = {isa = PBXFileReference; lastKnownFileType = sourcecode.swift; path = IMCResult.swift; sourceTree = "<group>"; };
		224F33E92C7321D300AC9F76 /* SuperHeroSearcher.swift */ = {isa = PBXFileReference; lastKnownFileType = sourcecode.swift; path = SuperHeroSearcher.swift; sourceTree = "<group>"; };
		224F33EB2C747E6A00AC9F76 /* ApiNetwork.swift */ = {isa = PBXFileReference; lastKnownFileType = sourcecode.swift; path = ApiNetwork.swift; sourceTree = "<group>"; };
		2259A2C82C60A31B0075F5E3 /* TextfieldExample.swift */ = {isa = PBXFileReference; lastKnownFileType = sourcecode.swift; path = TextfieldExample.swift; sourceTree = "<group>"; };
		2259A2CA2C60A8060075F5E3 /* MenuView.swift */ = {isa = PBXFileReference; lastKnownFileType = sourcecode.swift; path = MenuView.swift; sourceTree = "<group>"; };
		2259A2CD2C60AAC60075F5E3 /* ImcView.swift */ = {isa = PBXFileReference; lastKnownFileType = sourcecode.swift; path = ImcView.swift; sourceTree = "<group>"; };
		2266C74B2C5776640079B228 /* AppIMS.app */ = {isa = PBXFileReference; explicitFileType = wrapper.application; includeInIndex = 0; path = AppIMS.app; sourceTree = BUILT_PRODUCTS_DIR; };
		2266C74E2C5776640079B228 /* AppIMSApp.swift */ = {isa = PBXFileReference; lastKnownFileType = sourcecode.swift; path = AppIMSApp.swift; sourceTree = "<group>"; };
		2266C7502C5776640079B228 /* Exercise1.swift */ = {isa = PBXFileReference; lastKnownFileType = sourcecode.swift; path = Exercise1.swift; sourceTree = "<group>"; };
		2266C7522C5776680079B228 /* Assets.xcassets */ = {isa = PBXFileReference; lastKnownFileType = folder.assetcatalog; path = Assets.xcassets; sourceTree = "<group>"; };
		2266C7552C5776680079B228 /* Preview Assets.xcassets */ = {isa = PBXFileReference; lastKnownFileType = folder.assetcatalog; path = "Preview Assets.xcassets"; sourceTree = "<group>"; };
		2266C75D2C58D56F0079B228 /* MainView.swift */ = {isa = PBXFileReference; lastKnownFileType = sourcecode.swift; path = MainView.swift; sourceTree = "<group>"; };
		2266C7602C58D6C40079B228 /* TextExample.swift */ = {isa = PBXFileReference; lastKnownFileType = sourcecode.swift; path = TextExample.swift; sourceTree = "<group>"; };
		2266C7622C58D8190079B228 /* ImageExample.swift */ = {isa = PBXFileReference; lastKnownFileType = sourcecode.swift; path = ImageExample.swift; sourceTree = "<group>"; };
		22EBA3212C6DF1FF00361356 /* listExample.swift */ = {isa = PBXFileReference; lastKnownFileType = sourcecode.swift; path = listExample.swift; sourceTree = "<group>"; };
/* End PBXFileReference section */

/* Begin PBXFrameworksBuildPhase section */
		2266C7482C5776640079B228 /* Frameworks */ = {
			isa = PBXFrameworksBuildPhase;
			buildActionMask = 2147483647;
			files = (
				22DDAC8C2C806C2200D6C663 /* SDWebImageSwiftUI in Frameworks */,
			);
			runOnlyForDeploymentPostprocessing = 0;
		};
/* End PBXFrameworksBuildPhase section */

/* Begin PBXGroup section */
		224F33E82C7321A600AC9F76 /* SuperHero */ = {
			isa = PBXGroup;
			children = (
				224F33E92C7321D300AC9F76 /* SuperHeroSearcher.swift */,
				224F33EB2C747E6A00AC9F76 /* ApiNetwork.swift */,
			);
			path = SuperHero;
			sourceTree = "<group>";
		};
		2259A2CC2C60AAAE0075F5E3 /* IMC */ = {
			isa = PBXGroup;
			children = (
				2259A2CD2C60AAC60075F5E3 /* ImcView.swift */,
				223F33D12C6B4E3D00EF4BE4 /* IMCResult.swift */,
			);
			path = IMC;
			sourceTree = "<group>";
		};
		2266C7422C5776640079B228 = {
			isa = PBXGroup;
			children = (
				2266C74D2C5776640079B228 /* AppIMS */,
				2266C74C2C5776640079B228 /* Products */,
			);
			sourceTree = "<group>";
		};
		2266C74C2C5776640079B228 /* Products */ = {
			isa = PBXGroup;
			children = (
				2266C74B2C5776640079B228 /* AppIMS.app */,
			);
			name = Products;
			sourceTree = "<group>";
		};
		2266C74D2C5776640079B228 /* AppIMS */ = {
			isa = PBXGroup;
			children = (
				224F33E82C7321A600AC9F76 /* SuperHero */,
				2259A2CC2C60AAAE0075F5E3 /* IMC */,
				2266C75F2C58D6370079B228 /* Components */,
				2266C75C2C58D4680079B228 /* Exercise */,
				2266C7522C5776680079B228 /* Assets.xcassets */,
				2266C7542C5776680079B228 /* Preview Content */,
				2259A2CA2C60A8060075F5E3 /* MenuView.swift */,
				2266C75D2C58D56F0079B228 /* MainView.swift */,
			);
			path = AppIMS;
			sourceTree = "<group>";
		};
		2266C7542C5776680079B228 /* Preview Content */ = {
			isa = PBXGroup;
			children = (
				2266C7552C5776680079B228 /* Preview Assets.xcassets */,
			);
			path = "Preview Content";
			sourceTree = "<group>";
		};
		2266C75C2C58D4680079B228 /* Exercise */ = {
			isa = PBXGroup;
			children = (
				2266C7502C5776640079B228 /* Exercise1.swift */,
				2266C74E2C5776640079B228 /* AppIMSApp.swift */,
			);
			path = Exercise;
			sourceTree = "<group>";
		};
		2266C75F2C58D6370079B228 /* Components */ = {
			isa = PBXGroup;
			children = (
				2266C7602C58D6C40079B228 /* TextExample.swift */,
				2266C7622C58D8190079B228 /* ImageExample.swift */,
				220544E52C5B7C62002A52A5 /* LabelExample.swift */,
				220544E72C5B7ED6002A52A5 /* ButtonExample.swift */,
				2259A2C82C60A31B0075F5E3 /* TextfieldExample.swift */,
				22EBA3212C6DF1FF00361356 /* listExample.swift */,
			);
			path = Components;
			sourceTree = "<group>";
		};
/* End PBXGroup section */

/* Begin PBXNativeTarget section */
		2266C74A2C5776640079B228 /* AppIMS */ = {
			isa = PBXNativeTarget;
			buildConfigurationList = 2266C7592C5776680079B228 /* Build configuration list for PBXNativeTarget "AppIMS" */;
			buildPhases = (
				2266C7472C5776640079B228 /* Sources */,
				2266C7482C5776640079B228 /* Frameworks */,
				2266C7492C5776640079B228 /* Resources */,
			);
			buildRules = (
			);
			dependencies = (
			);
			name = AppIMS;
			packageProductDependencies = (
				22DDAC8B2C806C2200D6C663 /* SDWebImageSwiftUI */,
			);
			productName = AppIMS;
			productReference = 2266C74B2C5776640079B228 /* AppIMS.app */;
			productType = "com.apple.product-type.application";
		};
/* End PBXNativeTarget section */

/* Begin PBXProject section */
		2266C7432C5776640079B228 /* Project object */ = {
			isa = PBXProject;
			attributes = {
				BuildIndependentTargetsInParallel = 1;
				LastSwiftUpdateCheck = 1540;
				LastUpgradeCheck = 1540;
				TargetAttributes = {
					2266C74A2C5776640079B228 = {
						CreatedOnToolsVersion = 15.4;
					};
				};
			};
			buildConfigurationList = 2266C7462C5776640079B228 /* Build configuration list for PBXProject "AppIMS" */;
			compatibilityVersion = "Xcode 14.0";
			developmentRegion = en;
			hasScannedForEncodings = 0;
			knownRegions = (
				en,
				Base,
			);
			mainGroup = 2266C7422C5776640079B228;
			packageReferences = (
				22DDAC8A2C806C2200D6C663 /* XCRemoteSwiftPackageReference "SDWebImageSwiftUI" */,
			);
			productRefGroup = 2266C74C2C5776640079B228 /* Products */;
			projectDirPath = "";
			projectRoot = "";
			targets = (
				2266C74A2C5776640079B228 /* AppIMS */,
			);
		};
/* End PBXProject section */

/* Begin PBXResourcesBuildPhase section */
		2266C7492C5776640079B228 /* Resources */ = {
			isa = PBXResourcesBuildPhase;
			buildActionMask = 2147483647;
			files = (
				2266C7562C5776680079B228 /* Preview Assets.xcassets in Resources */,
				2266C7532C5776680079B228 /* Assets.xcassets in Resources */,
			);
			runOnlyForDeploymentPostprocessing = 0;
		};
/* End PBXResourcesBuildPhase section */

/* Begin PBXSourcesBuildPhase section */
		2266C7472C5776640079B228 /* Sources */ = {
			isa = PBXSourcesBuildPhase;
			buildActionMask = 2147483647;
			files = (
				2266C7512C5776640079B228 /* Exercise1.swift in Sources */,
				220544E82C5B7ED6002A52A5 /* ButtonExample.swift in Sources */,
				220544E62C5B7C62002A52A5 /* LabelExample.swift in Sources */,
				2266C7612C58D6C40079B228 /* TextExample.swift in Sources */,
				223F33D22C6B4E3D00EF4BE4 /* IMCResult.swift in Sources */,
				2259A2CB2C60A8060075F5E3 /* MenuView.swift in Sources */,
				2266C75E2C58D5700079B228 /* MainView.swift in Sources */,
				2259A2CE2C60AAC60075F5E3 /* ImcView.swift in Sources */,
				22EBA3222C6DF1FF00361356 /* listExample.swift in Sources */,
				2266C7632C58D8190079B228 /* ImageExample.swift in Sources */,
				224F33EA2C7321D300AC9F76 /* SuperHeroSearcher.swift in Sources */,
				2259A2C92C60A31B0075F5E3 /* TextfieldExample.swift in Sources */,
				2266C74F2C5776640079B228 /* AppIMSApp.swift in Sources */,
				224F33EC2C747E6A00AC9F76 /* ApiNetwork.swift in Sources */,
			);
			runOnlyForDeploymentPostprocessing = 0;
		};
/* End PBXSourcesBuildPhase section */

/* Begin XCBuildConfiguration section */
		2266C7572C5776680079B228 /* Debug */ = {
			isa = XCBuildConfiguration;
			buildSettings = {
				ALWAYS_SEARCH_USER_PATHS = NO;
				ASSETCATALOG_COMPILER_GENERATE_SWIFT_ASSET_SYMBOL_EXTENSIONS = YES;
				CLANG_ANALYZER_NONNULL = YES;
				CLANG_ANALYZER_NUMBER_OBJECT_CONVERSION = YES_AGGRESSIVE;
				CLANG_CXX_LANGUAGE_STANDARD = "gnu++20";
				CLANG_ENABLE_MODULES = YES;
				CLANG_ENABLE_OBJC_ARC = YES;
				CLANG_ENABLE_OBJC_WEAK = YES;
				CLANG_WARN_BLOCK_CAPTURE_AUTORELEASING = YES;
				CLANG_WARN_BOOL_CONVERSION = YES;
				CLANG_WARN_COMMA = YES;
				CLANG_WARN_CONSTANT_CONVERSION = YES;
				CLANG_WARN_DEPRECATED_OBJC_IMPLEMENTATIONS = YES;
				CLANG_WARN_DIRECT_OBJC_ISA_USAGE = YES_ERROR;
				CLANG_WARN_DOCUMENTATION_COMMENTS = YES;
				CLANG_WARN_EMPTY_BODY = YES;
				CLANG_WARN_ENUM_CONVERSION = YES;
				CLANG_WARN_INFINITE_RECURSION = YES;
				CLANG_WARN_INT_CONVERSION = YES;
				CLANG_WARN_NON_LITERAL_NULL_CONVERSION = YES;
				CLANG_WARN_OBJC_IMPLICIT_RETAIN_SELF = YES;
				CLANG_WARN_OBJC_LITERAL_CONVERSION = YES;
				CLANG_WARN_OBJC_ROOT_CLASS = YES_ERROR;
				CLANG_WARN_QUOTED_INCLUDE_IN_FRAMEWORK_HEADER = YES;
				CLANG_WARN_RANGE_LOOP_ANALYSIS = YES;
				CLANG_WARN_STRICT_PROTOTYPES = YES;
				CLANG_WARN_SUSPICIOUS_MOVE = YES;
				CLANG_WARN_UNGUARDED_AVAILABILITY = YES_AGGRESSIVE;
				CLANG_WARN_UNREACHABLE_CODE = YES;
				CLANG_WARN__DUPLICATE_METHOD_MATCH = YES;
				COPY_PHASE_STRIP = NO;
				DEBUG_INFORMATION_FORMAT = dwarf;
				ENABLE_STRICT_OBJC_MSGSEND = YES;
				ENABLE_TESTABILITY = YES;
				ENABLE_USER_SCRIPT_SANDBOXING = YES;
				GCC_C_LANGUAGE_STANDARD = gnu17;
				GCC_DYNAMIC_NO_PIC = NO;
				GCC_NO_COMMON_BLOCKS = YES;
				GCC_OPTIMIZATION_LEVEL = 0;
				GCC_PREPROCESSOR_DEFINITIONS = (
					"DEBUG=1",
					"$(inherited)",
				);
				GCC_WARN_64_TO_32_BIT_CONVERSION = YES;
				GCC_WARN_ABOUT_RETURN_TYPE = YES_ERROR;
				GCC_WARN_UNDECLARED_SELECTOR = YES;
				GCC_WARN_UNINITIALIZED_AUTOS = YES_AGGRESSIVE;
				GCC_WARN_UNUSED_FUNCTION = YES;
				GCC_WARN_UNUSED_VARIABLE = YES;
				IPHONEOS_DEPLOYMENT_TARGET = 17.5;
				LOCALIZATION_PREFERS_STRING_CATALOGS = YES;
				MTL_ENABLE_DEBUG_INFO = INCLUDE_SOURCE;
				MTL_FAST_MATH = YES;
				ONLY_ACTIVE_ARCH = YES;
				SDKROOT = iphoneos;
				SWIFT_ACTIVE_COMPILATION_CONDITIONS = "DEBUG $(inherited)";
				SWIFT_OPTIMIZATION_LEVEL = "-Onone";
			};
			name = Debug;
		};
		2266C7582C5776680079B228 /* Release */ = {
			isa = XCBuildConfiguration;
			buildSettings = {
				ALWAYS_SEARCH_USER_PATHS = NO;
				ASSETCATALOG_COMPILER_GENERATE_SWIFT_ASSET_SYMBOL_EXTENSIONS = YES;
				CLANG_ANALYZER_NONNULL = YES;
				CLANG_ANALYZER_NUMBER_OBJECT_CONVERSION = YES_AGGRESSIVE;
				CLANG_CXX_LANGUAGE_STANDARD = "gnu++20";
				CLANG_ENABLE_MODULES = YES;
				CLANG_ENABLE_OBJC_ARC = YES;
				CLANG_ENABLE_OBJC_WEAK = YES;
				CLANG_WARN_BLOCK_CAPTURE_AUTORELEASING = YES;
				CLANG_WARN_BOOL_CONVERSION = YES;
				CLANG_WARN_COMMA = YES;
				CLANG_WARN_CONSTANT_CONVERSION = YES;
				CLANG_WARN_DEPRECATED_OBJC_IMPLEMENTATIONS = YES;
				CLANG_WARN_DIRECT_OBJC_ISA_USAGE = YES_ERROR;
				CLANG_WARN_DOCUMENTATION_COMMENTS = YES;
				CLANG_WARN_EMPTY_BODY = YES;
				CLANG_WARN_ENUM_CONVERSION = YES;
				CLANG_WARN_INFINITE_RECURSION = YES;
				CLANG_WARN_INT_CONVERSION = YES;
				CLANG_WARN_NON_LITERAL_NULL_CONVERSION = YES;
				CLANG_WARN_OBJC_IMPLICIT_RETAIN_SELF = YES;
				CLANG_WARN_OBJC_LITERAL_CONVERSION = YES;
				CLANG_WARN_OBJC_ROOT_CLASS = YES_ERROR;
				CLANG_WARN_QUOTED_INCLUDE_IN_FRAMEWORK_HEADER = YES;
				CLANG_WARN_RANGE_LOOP_ANALYSIS = YES;
				CLANG_WARN_STRICT_PROTOTYPES = YES;
				CLANG_WARN_SUSPICIOUS_MOVE = YES;
				CLANG_WARN_UNGUARDED_AVAILABILITY = YES_AGGRESSIVE;
				CLANG_WARN_UNREACHABLE_CODE = YES;
				CLANG_WARN__DUPLICATE_METHOD_MATCH = YES;
				COPY_PHASE_STRIP = NO;
				DEBUG_INFORMATION_FORMAT = "dwarf-with-dsym";
				ENABLE_NS_ASSERTIONS = NO;
				ENABLE_STRICT_OBJC_MSGSEND = YES;
				ENABLE_USER_SCRIPT_SANDBOXING = YES;
				GCC_C_LANGUAGE_STANDARD = gnu17;
				GCC_NO_COMMON_BLOCKS = YES;
				GCC_WARN_64_TO_32_BIT_CONVERSION = YES;
				GCC_WARN_ABOUT_RETURN_TYPE = YES_ERROR;
				GCC_WARN_UNDECLARED_SELECTOR = YES;
				GCC_WARN_UNINITIALIZED_AUTOS = YES_AGGRESSIVE;
				GCC_WARN_UNUSED_FUNCTION = YES;
				GCC_WARN_UNUSED_VARIABLE = YES;
				IPHONEOS_DEPLOYMENT_TARGET = 17.5;
				LOCALIZATION_PREFERS_STRING_CATALOGS = YES;
				MTL_ENABLE_DEBUG_INFO = NO;
				MTL_FAST_MATH = YES;
				SDKROOT = iphoneos;
				SWIFT_COMPILATION_MODE = wholemodule;
				VALIDATE_PRODUCT = YES;
			};
			name = Release;
		};
		2266C75A2C5776680079B228 /* Debug */ = {
			isa = XCBuildConfiguration;
			buildSettings = {
				ASSETCATALOG_COMPILER_APPICON_NAME = AppIcon;
				ASSETCATALOG_COMPILER_GLOBAL_ACCENT_COLOR_NAME = AccentColor;
				CODE_SIGN_STYLE = Automatic;
				CURRENT_PROJECT_VERSION = 1;
				DEVELOPMENT_ASSET_PATHS = "\"AppIMS/Preview Content\"";
				DEVELOPMENT_TEAM = X3HD8335FJ;
				ENABLE_PREVIEWS = YES;
				GENERATE_INFOPLIST_FILE = YES;
				INFOPLIST_KEY_UIApplicationSceneManifest_Generation = YES;
				INFOPLIST_KEY_UIApplicationSupportsIndirectInputEvents = YES;
				INFOPLIST_KEY_UILaunchScreen_Generation = YES;
				INFOPLIST_KEY_UISupportedInterfaceOrientations_iPad = "UIInterfaceOrientationPortrait UIInterfaceOrientationPortraitUpsideDown UIInterfaceOrientationLandscapeLeft UIInterfaceOrientationLandscapeRight";
				INFOPLIST_KEY_UISupportedInterfaceOrientations_iPhone = "UIInterfaceOrientationPortrait UIInterfaceOrientationLandscapeLeft UIInterfaceOrientationLandscapeRight";
				LD_RUNPATH_SEARCH_PATHS = (
					"$(inherited)",
					"@executable_path/Frameworks",
				);
				MARKETING_VERSION = 1.0;
				PRODUCT_BUNDLE_IDENTIFIER = com.AppIMS.AppIMS;
				PRODUCT_NAME = "$(TARGET_NAME)";
				SWIFT_EMIT_LOC_STRINGS = YES;
				SWIFT_VERSION = 5.0;
				TARGETED_DEVICE_FAMILY = "1,2";
			};
			name = Debug;
		};
		2266C75B2C5776680079B228 /* Release */ = {
			isa = XCBuildConfiguration;
			buildSettings = {
				ASSETCATALOG_COMPILER_APPICON_NAME = AppIcon;
				ASSETCATALOG_COMPILER_GLOBAL_ACCENT_COLOR_NAME = AccentColor;
				CODE_SIGN_STYLE = Automatic;
				CURRENT_PROJECT_VERSION = 1;
				DEVELOPMENT_ASSET_PATHS = "\"AppIMS/Preview Content\"";
				DEVELOPMENT_TEAM = X3HD8335FJ;
				ENABLE_PREVIEWS = YES;
				GENERATE_INFOPLIST_FILE = YES;
				INFOPLIST_KEY_UIApplicationSceneManifest_Generation = YES;
				INFOPLIST_KEY_UIApplicationSupportsIndirectInputEvents = YES;
				INFOPLIST_KEY_UILaunchScreen_Generation = YES;
				INFOPLIST_KEY_UISupportedInterfaceOrientations_iPad = "UIInterfaceOrientationPortrait UIInterfaceOrientationPortraitUpsideDown UIInterfaceOrientationLandscapeLeft UIInterfaceOrientationLandscapeRight";
				INFOPLIST_KEY_UISupportedInterfaceOrientations_iPhone = "UIInterfaceOrientationPortrait UIInterfaceOrientationLandscapeLeft UIInterfaceOrientationLandscapeRight";
				LD_RUNPATH_SEARCH_PATHS = (
					"$(inherited)",
					"@executable_path/Frameworks",
				);
				MARKETING_VERSION = 1.0;
				PRODUCT_BUNDLE_IDENTIFIER = com.AppIMS.AppIMS;
				PRODUCT_NAME = "$(TARGET_NAME)";
				SWIFT_EMIT_LOC_STRINGS = YES;
				SWIFT_VERSION = 5.0;
				TARGETED_DEVICE_FAMILY = "1,2";
			};
			name = Release;
		};
/* End XCBuildConfiguration section */

/* Begin XCConfigurationList section */
		2266C7462C5776640079B228 /* Build configuration list for PBXProject "AppIMS" */ = {
			isa = XCConfigurationList;
			buildConfigurations = (
				2266C7572C5776680079B228 /* Debug */,
				2266C7582C5776680079B228 /* Release */,
			);
			defaultConfigurationIsVisible = 0;
			defaultConfigurationName = Release;
		};
		2266C7592C5776680079B228 /* Build configuration list for PBXNativeTarget "AppIMS" */ = {
			isa = XCConfigurationList;
			buildConfigurations = (
				2266C75A2C5776680079B228 /* Debug */,
				2266C75B2C5776680079B228 /* Release */,
			);
			defaultConfigurationIsVisible = 0;
			defaultConfigurationName = Release;
		};
/* End XCConfigurationList section */

/* Begin XCRemoteSwiftPackageReference section */
		22DDAC8A2C806C2200D6C663 /* XCRemoteSwiftPackageReference "SDWebImageSwiftUI" */ = {
			isa = XCRemoteSwiftPackageReference;
			repositoryURL = "https://github.com/SDWebImage/SDWebImageSwiftUI";
			requirement = {
				kind = upToNextMajorVersion;
				minimumVersion = 3.1.2;
			};
		};
/* End XCRemoteSwiftPackageReference section */

/* Begin XCSwiftPackageProductDependency section */
		22DDAC8B2C806C2200D6C663 /* SDWebImageSwiftUI */ = {
			isa = XCSwiftPackageProductDependency;
			package = 22DDAC8A2C806C2200D6C663 /* XCRemoteSwiftPackageReference "SDWebImageSwiftUI" */;
			productName = SDWebImageSwiftUI;
		};
/* End XCSwiftPackageProductDependency section */
	};
	rootObject = 2266C7432C5776640079B228 /* Project object */;
}
